<?xml version="1.0" encoding="utf-8"?>
<Project ToolsVersion="4.0" xmlns="http://schemas.microsoft.com/developer/msbuild/2003">
  <ItemGroup>
    <Filter Include="Source Files">
      <UniqueIdentifier>{4FC737F1-C7A5-4376-A066-2A32D752A2FF}</UniqueIdentifier>
      <Extensions>cpp;c;cc;cxx;def;odl;idl;hpj;bat;asm;asmx</Extensions>
    </Filter>
    <Filter Include="Header Files">
      <UniqueIdentifier>{93995380-89BD-4b04-88EB-625FBE52EBFB}</UniqueIdentifier>
      <Extensions>h;hh;hpp;hxx;hm;inl;inc;xsd</Extensions>
    </Filter>
    <Filter Include="Resource Files">
      <UniqueIdentifier>{67DA6AB6-F800-4c08-8B7A-83BB121AAD01}</UniqueIdentifier>
      <Extensions>rc;ico;cur;bmp;dlg;rc2;rct;bin;rgs;gif;jpg;jpeg;jpe;resx;tiff;tif;png;wav;mfcribbon-ms</Extensions>
    </Filter>
    <Filter Include="Header Files\graphics">
      <UniqueIdentifier>{355c5b9d-8827-408f-a94d-3721d37f92d7}</UniqueIdentifier>
    </Filter>
    <Filter Include="Source Files\graphics">
      <UniqueIdentifier>{b241fc66-986b-4805-a9fc-f8933a92e6ce}</UniqueIdentifier>
    </Filter>
    <Filter Include="Header Files\graphics\2d">
      <UniqueIdentifier>{f70377f5-696f-4f2f-82da-93f50d30d0ae}</UniqueIdentifier>
    </Filter>
    <Filter Include="Header Files\graphics\3d">
      <UniqueIdentifier>{1276c047-a469-43b2-aaa0-04e04a5c35e2}</UniqueIdentifier>
    </Filter>
    <Filter Include="Header Files\graphics\3d\OpenGL">
      <UniqueIdentifier>{b7e2e6e2-dc43-42d6-9d2e-521abd12ab7a}</UniqueIdentifier>
    </Filter>
    <Filter Include="Header Files\core">
      <UniqueIdentifier>{44bcfd6d-6266-48a0-b9cc-9dc0bab3f997}</UniqueIdentifier>
    </Filter>
    <Filter Include="Header Files\core\components">
      <UniqueIdentifier>{6df57918-38b6-42fe-a593-81600135a2d2}</UniqueIdentifier>
    </Filter>
    <Filter Include="Header Files\input">
      <UniqueIdentifier>{f6750cd8-ddb0-46d0-a7c0-7c4336d2c2e6}</UniqueIdentifier>
    </Filter>
    <Filter Include="Source Files\core">
      <UniqueIdentifier>{d278b8bd-9894-43f6-81b9-5a485f5bdda6}</UniqueIdentifier>
    </Filter>
    <Filter Include="Source Files\core\components">
      <UniqueIdentifier>{004f8166-0d95-4330-bf51-37034e944fae}</UniqueIdentifier>
    </Filter>
    <Filter Include="Source Files\graphics\3d">
      <UniqueIdentifier>{d0b7a53c-1d11-4501-8d22-6399baf168af}</UniqueIdentifier>
    </Filter>
    <Filter Include="Source Files\graphics\3d\opengl">
      <UniqueIdentifier>{66f16a8c-2190-4433-a362-6afc0efd07ce}</UniqueIdentifier>
    </Filter>
    <Filter Include="Source Files\input">
      <UniqueIdentifier>{108af3ca-823d-4025-9207-5a83bf77249f}</UniqueIdentifier>
    </Filter>
  </ItemGroup>
  <ItemGroup>
    <ClInclude Include="Component.h">
      <Filter>Header Files\core\components</Filter>
    </ClInclude>
    <ClInclude Include="MeshRendererComponent.h">
      <Filter>Header Files\core\components</Filter>
    </ClInclude>
    <ClInclude Include="TexturedMeshRendererComponent.h">
      <Filter>Header Files\core\components</Filter>
    </ClInclude>
    <ClInclude Include="Entity.h">
      <Filter>Header Files\core</Filter>
    </ClInclude>
    <ClInclude Include="Game.h">
      <Filter>Header Files\core</Filter>
    </ClInclude>
    <ClInclude Include="ResourceManager.h">
      <Filter>Header Files\core</Filter>
    </ClInclude>
    <ClInclude Include="Scene.h">
      <Filter>Header Files\core</Filter>
    </ClInclude>
    <ClInclude Include="Transform.h">
      <Filter>Header Files\core</Filter>
    </ClInclude>
    <ClInclude Include="SpriteRendererComponent.h">
      <Filter>Header Files\graphics\2d</Filter>
    </ClInclude>
    <ClInclude Include="GLArrayBuffer.h">
      <Filter>Header Files\graphics\3d\OpenGL</Filter>
    </ClInclude>
    <ClInclude Include="GLBuffer.h">
      <Filter>Header Files\graphics\3d\OpenGL</Filter>
    </ClInclude>
    <ClInclude Include="GLElementBuffer.h">
      <Filter>Header Files\graphics\3d\OpenGL</Filter>
    </ClInclude>
    <ClInclude Include="GLFramebuffer.h">
      <Filter>Header Files\graphics\3d\OpenGL</Filter>
    </ClInclude>
    <ClInclude Include="GLItem.h">
      <Filter>Header Files\graphics\3d\OpenGL</Filter>
    </ClInclude>
    <ClInclude Include="GLShaderProgram.h">
      <Filter>Header Files\graphics\3d\OpenGL</Filter>
    </ClInclude>
    <ClInclude Include="GLShaderProgramManager.h">
      <Filter>Header Files\graphics\3d\OpenGL</Filter>
    </ClInclude>
    <ClInclude Include="GLShader.h">
      <Filter>Header Files\graphics\3d\OpenGL</Filter>
    </ClInclude>
    <ClInclude Include="GLTexture.h">
      <Filter>Header Files\graphics\3d\OpenGL</Filter>
    </ClInclude>
    <ClInclude Include="GLUniformVar.h">
      <Filter>Header Files\graphics\3d\OpenGL</Filter>
    </ClInclude>
    <ClInclude Include="GLVertexArray.h">
      <Filter>Header Files\graphics\3d\OpenGL</Filter>
    </ClInclude>
    <ClInclude Include="Bitmap.h">
      <Filter>Header Files\graphics</Filter>
    </ClInclude>
    <ClInclude Include="DeferredRenderer.h">
      <Filter>Header Files\graphics</Filter>
    </ClInclude>
    <ClInclude Include="Graphics.h">
      <Filter>Header Files\graphics</Filter>
    </ClInclude>
    <ClInclude Include="Mesh.h">
      <Filter>Header Files\graphics</Filter>
    </ClInclude>
    <ClInclude Include="Renderer.h">
      <Filter>Header Files\graphics</Filter>
    </ClInclude>
    <ClInclude Include="Vertex.h">
      <Filter>Header Files\graphics</Filter>
    </ClInclude>
    <ClInclude Include="Input.h">
      <Filter>Header Files\input</Filter>
    </ClInclude>
    <ClInclude Include="Log.h">
      <Filter>Header Files\core</Filter>
    </ClInclude>
    <ClInclude Include="Common.h">
      <Filter>Header Files\core</Filter>
    </ClInclude>
    <ClInclude Include="GLTextureManager.h">
      <Filter>Header Files\graphics\3d\OpenGL</Filter>
    </ClInclude>
    <ClInclude Include="GLWindow.h">
      <Filter>Header Files\graphics\3d\OpenGL</Filter>
    </ClInclude>
    <ClInclude Include="CameraComponent.h">
      <Filter>Header Files\core\components</Filter>
    </ClInclude>
    <ClInclude Include="FreeRoamCameraComponent.h">
      <Filter>Header Files\core\components</Filter>
    </ClInclude>
  </ItemGroup>
  <ItemGroup>
    <ClCompile Include="TexturedMeshRendererComponent.cpp">
      <Filter>Source Files\core\components</Filter>
    </ClCompile>
    <ClCompile Include="Entity.cpp">
      <Filter>Source Files\core</Filter>
    </ClCompile>
    <ClCompile Include="Game.cpp">
      <Filter>Source Files\core</Filter>
    </ClCompile>
    <ClCompile Include="Transform.cpp">
      <Filter>Source Files\core</Filter>
    </ClCompile>
    <ClCompile Include="GLFramebuffer.cpp">
      <Filter>Source Files\graphics\3d\opengl</Filter>
    </ClCompile>
    <ClCompile Include="GLShader.cpp">
      <Filter>Source Files\graphics\3d\opengl</Filter>
    </ClCompile>
    <ClCompile Include="GLTexture.cpp">
      <Filter>Source Files\graphics\3d\opengl</Filter>
    </ClCompile>
    <ClCompile Include="GLWindow.cpp">
      <Filter>Source Files\graphics\3d\opengl</Filter>
    </ClCompile>
    <ClCompile Include="Bitmap.cpp">
      <Filter>Source Files\graphics</Filter>
    </ClCompile>
    <ClCompile Include="DeferredRenderer.cpp">
      <Filter>Source Files\graphics</Filter>
    </ClCompile>
    <ClCompile Include="Log.cpp">
      <Filter>Source Files\core</Filter>
    </ClCompile>
    <ClCompile Include="Common.cpp">
      <Filter>Source Files\core</Filter>
    </ClCompile>
    <ClCompile Include="Input.cpp">
      <Filter>Source Files\input</Filter>
    </ClCompile>
    <ClCompile Include="CameraComponent.cpp">
      <Filter>Source Files\core\components</Filter>
    </ClCompile>
    <ClCompile Include="FreeRoamCameraComponent.cpp">
      <Filter>Source Files\core\components</Filter>
    </ClCompile>
  </ItemGroup>
</Project>