<?xml version="1.0" encoding="utf-8"?>
<Project ToolsVersion="4.0" xmlns="http://schemas.microsoft.com/developer/msbuild/2003">
  <ItemGroup>
    <Filter Include="Source Files">
      <UniqueIdentifier>{4FC737F1-C7A5-4376-A066-2A32D752A2FF}</UniqueIdentifier>
      <Extensions>cpp;c;cc;cxx;def;odl;idl;hpj;bat;asm;asmx</Extensions>
    </Filter>
    <Filter Include="Header Files">
      <UniqueIdentifier>{93995380-89BD-4b04-88EB-625FBE52EBFB}</UniqueIdentifier>
      <Extensions>h;hh;hpp;hxx;hm;inl;inc;xsd</Extensions>
    </Filter>
    <Filter Include="Resource Files">
      <UniqueIdentifier>{67DA6AB6-F800-4c08-8B7A-83BB121AAD01}</UniqueIdentifier>
      <Extensions>rc;ico;cur;bmp;dlg;rc2;rct;bin;rgs;gif;jpg;jpeg;jpe;resx;tiff;tif;png;wav;mfcribbon-ms</Extensions>
    </Filter>
    <Filter Include="Header Files\graphics">
      <UniqueIdentifier>{355c5b9d-8827-408f-a94d-3721d37f92d7}</UniqueIdentifier>
    </Filter>
    <Filter Include="Header Files\graphics\opengl">
      <UniqueIdentifier>{1276c047-a469-43b2-aaa0-04e04a5c35e2}</UniqueIdentifier>
    </Filter>
    <Filter Include="Source Files\graphics">
      <UniqueIdentifier>{b241fc66-986b-4805-a9fc-f8933a92e6ce}</UniqueIdentifier>
    </Filter>
    <Filter Include="Source Files\graphics\opengl">
      <UniqueIdentifier>{66f16a8c-2190-4433-a362-6afc0efd07ce}</UniqueIdentifier>
    </Filter>
    <Filter Include="Header Files\misc">
      <UniqueIdentifier>{f6750cd8-ddb0-46d0-a7c0-7c4336d2c2e6}</UniqueIdentifier>
    </Filter>
    <Filter Include="Source Files\misc">
      <UniqueIdentifier>{c31a5a43-42c6-433c-b28c-95e9badde4b6}</UniqueIdentifier>
    </Filter>
    <Filter Include="Header Files\engine">
      <UniqueIdentifier>{44bcfd6d-6266-48a0-b9cc-9dc0bab3f997}</UniqueIdentifier>
    </Filter>
    <Filter Include="Source Files\engine">
      <UniqueIdentifier>{d278b8bd-9894-43f6-81b9-5a485f5bdda6}</UniqueIdentifier>
    </Filter>
    <Filter Include="Header Files\engine\components">
      <UniqueIdentifier>{6df57918-38b6-42fe-a593-81600135a2d2}</UniqueIdentifier>
    </Filter>
    <Filter Include="Source Files\engine\components">
      <UniqueIdentifier>{004f8166-0d95-4330-bf51-37034e944fae}</UniqueIdentifier>
    </Filter>
  </ItemGroup>
  <ItemGroup>
    <ClInclude Include="spruce_opengl_window.h">
      <Filter>Header Files\graphics\opengl</Filter>
    </ClInclude>
    <ClInclude Include="spruce_log.h">
      <Filter>Header Files\misc</Filter>
    </ClInclude>
    <ClInclude Include="spruce_opengl_texture.h">
      <Filter>Header Files\graphics\opengl</Filter>
    </ClInclude>
    <ClInclude Include="spruce_common.h">
      <Filter>Header Files</Filter>
    </ClInclude>
    <ClInclude Include="spruce_graphics.h">
      <Filter>Header Files\graphics</Filter>
    </ClInclude>
    <ClInclude Include="spruce_opengl_item.h">
      <Filter>Header Files\graphics\opengl</Filter>
    </ClInclude>
    <ClInclude Include="spruce_opengl_vertex_array.h">
      <Filter>Header Files\graphics\opengl</Filter>
    </ClInclude>
    <ClInclude Include="spruce_opengl_buffer.h">
      <Filter>Header Files\graphics\opengl</Filter>
    </ClInclude>
    <ClInclude Include="spruce_opengl_array_buffer.h">
      <Filter>Header Files\graphics\opengl</Filter>
    </ClInclude>
    <ClInclude Include="spruce_opengl_element_buffer.h">
      <Filter>Header Files\graphics\opengl</Filter>
    </ClInclude>
    <ClInclude Include="spruce_opengl_program.h">
      <Filter>Header Files\graphics\opengl</Filter>
    </ClInclude>
    <ClInclude Include="spruce_opengl_shader.h">
      <Filter>Header Files\graphics\opengl</Filter>
    </ClInclude>
    <ClInclude Include="spruce_mesh.h">
      <Filter>Header Files\graphics</Filter>
    </ClInclude>
    <ClInclude Include="spruce_opengl_uniform.h">
      <Filter>Header Files\graphics\opengl</Filter>
    </ClInclude>
    <ClInclude Include="spruce_bitmap.h">
      <Filter>Header Files\graphics</Filter>
    </ClInclude>
    <ClInclude Include="spruce_opengl_frame_buffer.h">
      <Filter>Header Files\graphics\opengl</Filter>
    </ClInclude>
    <ClInclude Include="spruce_game.h">
      <Filter>Header Files\engine</Filter>
    </ClInclude>
    <ClInclude Include="spruce_game_object.h">
      <Filter>Header Files\engine</Filter>
    </ClInclude>
    <ClInclude Include="spruce_scene.h">
      <Filter>Header Files\engine</Filter>
    </ClInclude>
    <ClInclude Include="spruce_deferred_renderer.h">
      <Filter>Header Files\graphics</Filter>
    </ClInclude>
    <ClInclude Include="spruce_renderer.h">
      <Filter>Header Files\graphics</Filter>
    </ClInclude>
    <ClInclude Include="spruce_component.h">
      <Filter>Header Files\engine\components</Filter>
    </ClInclude>
    <ClInclude Include="spruce_mesh_renderer_component.h">
      <Filter>Header Files\engine\components</Filter>
    </ClInclude>
    <ClInclude Include="spruce_transform.h">
      <Filter>Header Files\engine</Filter>
    </ClInclude>
    <ClInclude Include="spruce_textured_mesh_renderer_component.h">
      <Filter>Header Files\engine\components</Filter>
    </ClInclude>
  </ItemGroup>
  <ItemGroup>
    <ClCompile Include="spruce_opengl_window.cpp">
      <Filter>Source Files\graphics\opengl</Filter>
    </ClCompile>
    <ClCompile Include="spruce_log.cpp">
      <Filter>Source Files\misc</Filter>
    </ClCompile>
    <ClCompile Include="spruce_common.cpp">
      <Filter>Source Files</Filter>
    </ClCompile>
    <ClCompile Include="spruce_bitmap.cpp">
      <Filter>Source Files\graphics</Filter>
    </ClCompile>
    <ClCompile Include="spruce_opengl_texture.cpp">
      <Filter>Source Files\graphics\opengl</Filter>
    </ClCompile>
    <ClCompile Include="spruce_opengl_frame_buffer.cpp">
      <Filter>Source Files\graphics\opengl</Filter>
    </ClCompile>
    <ClCompile Include="spruce_opengl_shader.cpp">
      <Filter>Source Files\graphics\opengl</Filter>
    </ClCompile>
    <ClCompile Include="spruce_game.cpp">
      <Filter>Source Files\engine</Filter>
    </ClCompile>
    <ClCompile Include="spruce_game_object.cpp">
      <Filter>Source Files\engine</Filter>
    </ClCompile>
    <ClCompile Include="spruce_deferred_renderer.cpp">
      <Filter>Source Files\graphics</Filter>
    </ClCompile>
    <ClCompile Include="spruce_transform.cpp">
      <Filter>Source Files\engine</Filter>
    </ClCompile>
    <ClCompile Include="spruce_textured_mesh_renderer_component.cc">
      <Filter>Source Files\engine\components</Filter>
    </ClCompile>
  </ItemGroup>
</Project>